
Microsoft Visual Studio Solution File, Format Version 12.00
# Visual Studio Version 16
VisualStudioVersion = 16.0.30320.27
MinimumVisualStudioVersion = 10.0.40219.1
Project("{FAE04EC0-301F-11D3-BF4B-00C04F79EFBC}") = "CabInvoiceGeneratorTest", "CabInvoiceGeneratorTest\CabInvoiceGeneratorTest.csproj", "{04648B7C-CFF9-4B6A-B4C9-FDC8932DEDEB}"
EndProject
Project("{FAE04EC0-301F-11D3-BF4B-00C04F79EFBC}") = "CabInvoiceGenerator", "CabInvoiceGenerator\CabInvoiceGenerator.csproj", "{F7C54AF9-9D6F-4B14-823A-F174A9AAF3CB}"
EndProject
Global
	GlobalSection(SolutionConfigurationPlatforms) = preSolution
		Debug|Any CPU = Debug|Any CPU
		Release|Any CPU = Release|Any CPU
	EndGlobalSection
	GlobalSection(ProjectConfigurationPlatforms) = postSolution
		{04648B7C-CFF9-4B6A-B4C9-FDC8932DEDEB}.Debug|Any CPU.ActiveCfg = Debug|Any CPU
		{04648B7C-CFF9-4B6A-B4C9-FDC8932DEDEB}.Debug|Any CPU.Build.0 = Debug|Any CPU
		{04648B7C-CFF9-4B6A-B4C9-FDC8932DEDEB}.Release|Any CPU.ActiveCfg = Release|Any CPU
		{04648B7C-CFF9-4B6A-B4C9-FDC8932DEDEB}.Release|Any CPU.Build.0 = Release|Any CPU
		{F7C54AF9-9D6F-4B14-823A-F174A9AAF3CB}.Debug|Any CPU.ActiveCfg = Debug|Any CPU
		{F7C54AF9-9D6F-4B14-823A-F174A9AAF3CB}.Debug|Any CPU.Build.0 = Debug|Any CPU
		{F7C54AF9-9D6F-4B14-823A-F174A9AAF3CB}.Release|Any CPU.ActiveCfg = Release|Any CPU
		{F7C54AF9-9D6F-4B14-823A-F174A9AAF3CB}.Release|Any CPU.Build.0 = Release|Any CPU
	EndGlobalSection
	GlobalSection(SolutionProperties) = preSolution
		HideSolutionNode = FALSE
	EndGlobalSection
	GlobalSection(ExtensibilityGlobals) = postSolution
		SolutionGuid = {22D3A253-AF56-452C-8C14-065D63E1CB1D}
	EndGlobalSection
EndGlobal
